github.com/precice/code_aster-adapter v0.0.0-20260709195159-6902b69ff0f9 h1:7mrhwlQx9rSMPFQ+aCfCbuelA3qhDWhrtuxkW5oWCfE=
github.com/precice/code_aster-adapter v0.0.0-20260709195159-6902b69ff0f9/go.mod h1:9mtpaThVgf0DaN9ijNGupNaC6M3GRGJzBBCfFiluxhk=
github.com/precice/tutorials v202104.1.2-0.20260713075236-cb7d8c722db6+incompatible h1:ElF4UYMTzeof0zEfWFw5GLa6Rje+HTMPMDXKCVqVSyo=
github.com/precice/tutorials v202104.1.2-0.20260713075236-cb7d8c722db6+incompatible/go.mod h1:zILvlNlwVxg3xyjkcc2eOA8H2Z14nuzxuR5e+ctDxuQ=
