github.com/precice/aste v3.3.1-0.20260429145000-3dfe47d3ea5b+incompatible h1:9Cb0nPhrTVpVEW+yp4kobapZsBWW2m7kgmhx4VuTiL0=
github.com/precice/aste v3.3.1-0.20260429145000-3dfe47d3ea5b+incompatible/go.mod h1:EAVXbGcuMa93PBPU0Fvhf1/I1jZWx65fyoXeWTAsMMM=
github.com/precice/calculix-adapter v2.20.2-0.20260709195057-f85eae854b46+incompatible h1:MdvFfuWaC7fqdQSMqHofnIpCK8w2zsr4ORIZsRgQqN4=
github.com/precice/calculix-adapter v2.20.2-0.20260709195057-f85eae854b46+incompatible/go.mod h1:/9lwEXili+aWDt0ffk34NI9uIQeC6kHurC8n4Eqnnf0=
github.com/precice/code_aster-adapter v0.0.0-20260709195159-6902b69ff0f9 h1:7mrhwlQx9rSMPFQ+aCfCbuelA3qhDWhrtuxkW5oWCfE=
github.com/precice/code_aster-adapter v0.0.0-20260709195159-6902b69ff0f9/go.mod h1:9mtpaThVgf0DaN9ijNGupNaC6M3GRGJzBBCfFiluxhk=
github.com/precice/dealii-adapter v0.0.0-20260526205527-a421d923c205 h1:MbGtrYoGryZTd7C/pp7+Eb8ZYshKfV/Q2/KbONTxB88=
github.com/precice/dealii-adapter v0.0.0-20260526205527-a421d923c205/go.mod h1:Txux8IKhPrR8szFZSFrVDrYHBeDKhogDJSa4MSndoDI=
github.com/precice/dumux-adapter v3.0.1-0.20260622053327-40dca968e6e2+incompatible h1:00QHmcF10GL9l+7/a6tgD/EsV7tVvPIJ6I5lOiW8Hrg=
github.com/precice/dumux-adapter v3.0.1-0.20260622053327-40dca968e6e2+incompatible/go.mod h1:dTt5UfoJsQ24aj1lzS2+yD4TkNzVeQylsOQBKf47tkM=
github.com/precice/dune-adapter v0.0.0-20260602164114-25b5ec138233 h1:IQ78MOKpBVD3hPo2xYbBBvxRWLwX6lwWmhudkiobc6M=
github.com/precice/dune-adapter v0.0.0-20260602164114-25b5ec138233/go.mod h1:drY/X4GgUF7tRGZ9+YpUHMh7CoMIz4IfAVWtUrgcMVM=
github.com/precice/fenics-adapter v2.3.1-0.20260525113459-a45a20aca741+incompatible h1:0IRvv04zhhjZVpKOZA0r+o5kzAfy5lvZBH0pA02peEM=
github.com/precice/fenics-adapter v2.3.1-0.20260525113459-a45a20aca741+incompatible/go.mod h1:ItV/xMwFUt+uAwCAhMfBCWTfixJAZqDEuPgLepoq9AA=
github.com/precice/fenicsx-adapter v1.0.2-0.20260619172526-c52eccf22130 h1:JhVb1cRsHhvrxaJZH1hwLtQEMwc+AMzYCisOW5LX9Ig=
github.com/precice/fenicsx-adapter v1.0.2-0.20260619172526-c52eccf22130/go.mod h1:CRcbNaBGmyNdmCPs7mZCdRp7Y9WL6HnEYAJjrRbhC0s=
github.com/precice/fmi-runner v0.2.2-0.20260105234259-bb4856cb651b h1:0yZ3NdaMGXIpFv85iRDvgtKDGRwXekAbRqjG9zWv8WY=
github.com/precice/fmi-runner v0.2.2-0.20260105234259-bb4856cb651b/go.mod h1:EleqiAITx34dkfFst5qa7R3vEp3zv0+Z+LztNucPNXo=
github.com/precice/micro-manager v0.10.2-0.20260623082713-2bf393d194d1 h1:TCtALmzY9TziwXAvMma1lchZ6GCSkOt09+QzpIcbHsA=
github.com/precice/micro-manager v0.10.2-0.20260623082713-2bf393d194d1/go.mod h1:cRbIdTJlfgVxeDIRT0jmbRULBC1eiqR43MdawB8Nazw=
github.com/precice/openfoam-adapter v1.3.2-0.20260622155012-b09e4994faaa h1:Mb20oBUKLoaIomYR1uhUdtY1Bm7zH2G55KruZNQ2x+U=
github.com/precice/openfoam-adapter v1.3.2-0.20260622155012-b09e4994faaa/go.mod h1:VkhaDjB9nEvue1yw5V7PO4K21tPpkhI9jPiQ/dF+poo=
github.com/precice/preeco-orga v0.0.0-20260126173542-69034409ef3c h1:zC4HbGQ7JRp+fU2F8gE2flGYJYvqxRxZlnqpCjYVfKc=
github.com/precice/preeco-orga v0.0.0-20260126173542-69034409ef3c/go.mod h1:b+386uJGvHbRXqQArU0XswBG9gfoJ7hiszvbq2NYkUA=
github.com/precice/su2-adapter v0.0.0-20260109191121-5abe79b61bbf h1:zQLDX17uZVIIP9voI2jTy+QVGNOXlfRef+oiTLUEEHQ=
github.com/precice/su2-adapter v0.0.0-20260109191121-5abe79b61bbf/go.mod h1:62uO8/YUwX2R4w9RUlT/4fxWjKEwpEA312UYwvUaQbo=
github.com/precice/tutorials v202104.1.2-0.20260713075236-cb7d8c722db6+incompatible h1:ElF4UYMTzeof0zEfWFw5GLa6Rje+HTMPMDXKCVqVSyo=
github.com/precice/tutorials v202104.1.2-0.20260713075236-cb7d8c722db6+incompatible/go.mod h1:zILvlNlwVxg3xyjkcc2eOA8H2Z14nuzxuR5e+ctDxuQ=
